
Microsoft Visual Studio Solution File, Format Version 12.00
# Visual Studio 2013
VisualStudioVersion = 12.0.31101.0
MinimumVisualStudioVersion = 10.0.40219.1
Project("{FAE04EC0-301F-11D3-BF4B-00C04F79EFBC}") = "ES.Client", "ES.Client\ES.Client.csproj", "{805873D4-8139-483C-B052-1E9CDEBB2EC9}"
EndProject
Project("{FAE04EC0-301F-11D3-BF4B-00C04F79EFBC}") = "ES.Repository", "ES.Repository\ES.Repository.csproj", "{67D59DFE-BDAE-483C-B7CC-9717C9793B30}"
EndProject
Project("{FAE04EC0-301F-11D3-BF4B-00C04F79EFBC}") = "ES.WebServer", "ES.WebServer\ES.WebServer.csproj", "{FC4FF0B1-8797-47ED-BB42-C7AA87FE8489}"
EndProject
Project("{FAE04EC0-301F-11D3-BF4B-00C04F79EFBC}") = "ES.Server", "ES.Server\ES.Server.csproj", "{930A8E5F-B029-4298-A839-3D0FCB56046F}"
EndProject
Global
	GlobalSection(SolutionConfigurationPlatforms) = preSolution
		Debug|Any CPU = Debug|Any CPU
		Release|Any CPU = Release|Any CPU
	EndGlobalSection
	GlobalSection(ProjectConfigurationPlatforms) = postSolution
		{805873D4-8139-483C-B052-1E9CDEBB2EC9}.Debug|Any CPU.ActiveCfg = Debug|Any CPU
		{805873D4-8139-483C-B052-1E9CDEBB2EC9}.Debug|Any CPU.Build.0 = Debug|Any CPU
		{805873D4-8139-483C-B052-1E9CDEBB2EC9}.Release|Any CPU.ActiveCfg = Release|Any CPU
		{805873D4-8139-483C-B052-1E9CDEBB2EC9}.Release|Any CPU.Build.0 = Release|Any CPU
		{67D59DFE-BDAE-483C-B7CC-9717C9793B30}.Debug|Any CPU.ActiveCfg = Debug|Any CPU
		{67D59DFE-BDAE-483C-B7CC-9717C9793B30}.Debug|Any CPU.Build.0 = Debug|Any CPU
		{67D59DFE-BDAE-483C-B7CC-9717C9793B30}.Release|Any CPU.ActiveCfg = Release|Any CPU
		{67D59DFE-BDAE-483C-B7CC-9717C9793B30}.Release|Any CPU.Build.0 = Release|Any CPU
		{FC4FF0B1-8797-47ED-BB42-C7AA87FE8489}.Debug|Any CPU.ActiveCfg = Debug|Any CPU
		{FC4FF0B1-8797-47ED-BB42-C7AA87FE8489}.Debug|Any CPU.Build.0 = Debug|Any CPU
		{FC4FF0B1-8797-47ED-BB42-C7AA87FE8489}.Release|Any CPU.ActiveCfg = Release|Any CPU
		{FC4FF0B1-8797-47ED-BB42-C7AA87FE8489}.Release|Any CPU.Build.0 = Release|Any CPU
		{930A8E5F-B029-4298-A839-3D0FCB56046F}.Debug|Any CPU.ActiveCfg = Debug|Any CPU
		{930A8E5F-B029-4298-A839-3D0FCB56046F}.Debug|Any CPU.Build.0 = Debug|Any CPU
		{930A8E5F-B029-4298-A839-3D0FCB56046F}.Release|Any CPU.ActiveCfg = Release|Any CPU
		{930A8E5F-B029-4298-A839-3D0FCB56046F}.Release|Any CPU.Build.0 = Release|Any CPU
	EndGlobalSection
	GlobalSection(SolutionProperties) = preSolution
		HideSolutionNode = FALSE
	EndGlobalSection
EndGlobal
